// !$*UTF8*$!
{
	archiveVersion = 1;
	classes = {
	};
	objectVersion = 46;
	objects = {

/* Begin PBXBuildFile section */
		1BC3AC101DBB0AF900ACA1D5 /* DataStore.swift in Sources */ = {isa = PBXBuildFile; fileRef = 1BC3AC0F1DBB0AF900ACA1D5 /* DataStore.swift */; };
		1BC3AC161DBB0C0100ACA1D5 /* Feed+CoreDataClass.m in Sources */ = {isa = PBXBuildFile; fileRef = 1BC3AC131DBB0C0100ACA1D5 /* Feed+CoreDataClass.m */; };
		1BC3AC171DBB0C0100ACA1D5 /* Feed+CoreDataProperties.m in Sources */ = {isa = PBXBuildFile; fileRef = 1BC3AC151DBB0C0100ACA1D5 /* Feed+CoreDataProperties.m */; };
		1BC3AC1A1DBB0CBE00ACA1D5 /* XMLParser.swift in Sources */ = {isa = PBXBuildFile; fileRef = 1BC3AC191DBB0CBE00ACA1D5 /* XMLParser.swift */; };
		1BC3AC1C1DBB0D5F00ACA1D5 /* FeedItem.swift in Sources */ = {isa = PBXBuildFile; fileRef = 1BC3AC1B1DBB0D5F00ACA1D5 /* FeedItem.swift */; };
		B60F754E1DB3E4A70080FDCC /* FeedModel.xcdatamodeld in Sources */ = {isa = PBXBuildFile; fileRef = B60F754C1DB3E4A70080FDCC /* FeedModel.xcdatamodeld */; };
		B60F75881DB414EB0080FDCC /* FeedTableViewCell.swift in Sources */ = {isa = PBXBuildFile; fileRef = B60F75871DB414EB0080FDCC /* FeedTableViewCell.swift */; };
		B60F75941DB5532E0080FDCC /* RssRecord.swift in Sources */ = {isa = PBXBuildFile; fileRef = B60F75921DB5532E0080FDCC /* RssRecord.swift */; };
		B60F75951DB5532E0080FDCC /* Common.swift in Sources */ = {isa = PBXBuildFile; fileRef = B60F75931DB5532E0080FDCC /* Common.swift */; };
		B6589C181DB2A67B00991E5A /* AppDelegate.swift in Sources */ = {isa = PBXBuildFile; fileRef = B6589C171DB2A67B00991E5A /* AppDelegate.swift */; };
		B6589C1D1DB2A67B00991E5A /* Main.storyboard in Resources */ = {isa = PBXBuildFile; fileRef = B6589C1B1DB2A67B00991E5A /* Main.storyboard */; };
		B6589C251DB2A67B00991E5A /* LaunchScreen.storyboard in Resources */ = {isa = PBXBuildFile; fileRef = B6589C231DB2A67B00991E5A /* LaunchScreen.storyboard */; };
		B6589C301DB2A67B00991E5A /* JsTheaterTests.swift in Sources */ = {isa = PBXBuildFile; fileRef = B6589C2F1DB2A67B00991E5A /* JsTheaterTests.swift */; };
		B6589C3B1DB2A67B00991E5A /* JsTheaterUITests.swift in Sources */ = {isa = PBXBuildFile; fileRef = B6589C3A1DB2A67B00991E5A /* JsTheaterUITests.swift */; };
		B6589C4B1DB2A81500991E5A /* FeedTableViewController.swift in Sources */ = {isa = PBXBuildFile; fileRef = B6589C4A1DB2A81500991E5A /* FeedTableViewController.swift */; };
		B6589CA11DB2A97000991E5A /* Assets.xcassets in Resources */ = {isa = PBXBuildFile; fileRef = B6589C661DB2A97000991E5A /* Assets.xcassets */; };
		B6589CCD1DB2AE1400991E5A /* CoreData.framework in Frameworks */ = {isa = PBXBuildFile; fileRef = B6589CCC1DB2AE1400991E5A /* CoreData.framework */; };
		B6589D551DB2CC1F00991E5A /* ARChromeActivity.m in Sources */ = {isa = PBXBuildFile; fileRef = B6589D2C1DB2CC1F00991E5A /* ARChromeActivity.m */; };
		B6589D561DB2CC1F00991E5A /* ARChromeActivity.png in Resources */ = {isa = PBXBuildFile; fileRef = B6589D2D1DB2CC1F00991E5A /* ARChromeActivity.png */; };
		B6589D571DB2CC1F00991E5A /* ARChromeActivity@2x.png in Resources */ = {isa = PBXBuildFile; fileRef = B6589D2E1DB2CC1F00991E5A /* ARChromeActivity@2x.png */; };
		B6589D581DB2CC1F00991E5A /* ARChromeActivity@2x~ipad.png in Resources */ = {isa = PBXBuildFile; fileRef = B6589D2F1DB2CC1F00991E5A /* ARChromeActivity@2x~ipad.png */; };
		B6589D591DB2CC1F00991E5A /* ARChromeActivity@3x.png in Resources */ = {isa = PBXBuildFile; fileRef = B6589D301DB2CC1F00991E5A /* ARChromeActivity@3x.png */; };
		B6589D5A1DB2CC1F00991E5A /* ARChromeActivity@3x~ipad.png in Resources */ = {isa = PBXBuildFile; fileRef = B6589D311DB2CC1F00991E5A /* ARChromeActivity@3x~ipad.png */; };
		B6589D5B1DB2CC1F00991E5A /* ARChromeActivity~ipad.png in Resources */ = {isa = PBXBuildFile; fileRef = B6589D321DB2CC1F00991E5A /* ARChromeActivity~ipad.png */; };
		B6589D5C1DB2CC1F00991E5A /* .gitkeep in Resources */ = {isa = PBXBuildFile; fileRef = B6589D341DB2CC1F00991E5A /* .gitkeep */; };
		B6589D5D1DB2CC1F00991E5A /* .gitkeep in Resources */ = {isa = PBXBuildFile; fileRef = B6589D361DB2CC1F00991E5A /* .gitkeep */; };
		B6589D5E1DB2CC1F00991E5A /* TUSafariActivity.m in Sources */ = {isa = PBXBuildFile; fileRef = B6589D381DB2CC1F00991E5A /* TUSafariActivity.m */; };
		B6589D601DB2CC1F00991E5A /* backbutton.png in Resources */ = {isa = PBXBuildFile; fileRef = B6589D3D1DB2CC1F00991E5A /* backbutton.png */; };
		B6589D611DB2CC1F00991E5A /* backbutton@2x.png in Resources */ = {isa = PBXBuildFile; fileRef = B6589D3E1DB2CC1F00991E5A /* backbutton@2x.png */; };
		B6589D621DB2CC1F00991E5A /* backbutton@3x.png in Resources */ = {isa = PBXBuildFile; fileRef = B6589D3F1DB2CC1F00991E5A /* backbutton@3x.png */; };
		B6589D631DB2CC1F00991E5A /* forwardbutton.png in Resources */ = {isa = PBXBuildFile; fileRef = B6589D401DB2CC1F00991E5A /* forwardbutton.png */; };
		B6589D641DB2CC1F00991E5A /* forwardbutton@2x.png in Resources */ = {isa = PBXBuildFile; fileRef = B6589D411DB2CC1F00991E5A /* forwardbutton@2x.png */; };
		B6589D651DB2CC1F00991E5A /* forwardbutton@3x.png in Resources */ = {isa = PBXBuildFile; fileRef = B6589D421DB2CC1F00991E5A /* forwardbutton@3x.png */; };
		B6589D661DB2CC1F00991E5A /* KINWebBrowserViewController.m in Sources */ = {isa = PBXBuildFile; fileRef = B6589D441DB2CC1F00991E5A /* KINWebBrowserViewController.m */; };
		B6589D6D1DB2CC1F00991E5A /* SideBar.swift in Sources */ = {isa = PBXBuildFile; fileRef = B6589D521DB2CC1F00991E5A /* SideBar.swift */; };
		B6589D6E1DB2CC1F00991E5A /* SideBarTableViewController.swift in Sources */ = {isa = PBXBuildFile; fileRef = B6589D531DB2CC1F00991E5A /* SideBarTableViewController.swift */; };
		B6ADBBD31DB6B816001FDF9D /* asdf.swift in Sources */ = {isa = PBXBuildFile; fileRef = B6ADBBD21DB6B816001FDF9D /* asdf.swift */; };
/* End PBXBuildFile section */

/* Begin PBXContainerItemProxy section */
		B6589C2C1DB2A67B00991E5A /* PBXContainerItemProxy */ = {
			isa = PBXContainerItemProxy;
			containerPortal = B6589C0C1DB2A67B00991E5A /* Project object */;
			proxyType = 1;
			remoteGlobalIDString = B6589C131DB2A67B00991E5A;
			remoteInfo = JsTheater;
		};
		B6589C371DB2A67B00991E5A /* PBXContainerItemProxy */ = {
			isa = PBXContainerItemProxy;
			containerPortal = B6589C0C1DB2A67B00991E5A /* Project object */;
			proxyType = 1;
			remoteGlobalIDString = B6589C131DB2A67B00991E5A;
			remoteInfo = JsTheater;
		};
/* End PBXContainerItemProxy section */

/* Begin PBXFileReference section */
		1BC3AC0F1DBB0AF900ACA1D5 /* DataStore.swift */ = {isa = PBXFileReference; fileEncoding = 4; lastKnownFileType = sourcecode.swift; path = DataStore.swift; sourceTree = "<group>"; };
		1BC3AC121DBB0C0100ACA1D5 /* Feed+CoreDataClass.h */ = {isa = PBXFileReference; fileEncoding = 4; lastKnownFileType = sourcecode.c.h; path = "Feed+CoreDataClass.h"; sourceTree = "<group>"; };
		1BC3AC131DBB0C0100ACA1D5 /* Feed+CoreDataClass.m */ = {isa = PBXFileReference; fileEncoding = 4; lastKnownFileType = sourcecode.c.objc; path = "Feed+CoreDataClass.m"; sourceTree = "<group>"; };
		1BC3AC141DBB0C0100ACA1D5 /* Feed+CoreDataProperties.h */ = {isa = PBXFileReference; fileEncoding = 4; lastKnownFileType = sourcecode.c.h; path = "Feed+CoreDataProperties.h"; sourceTree = "<group>"; };
		1BC3AC151DBB0C0100ACA1D5 /* Feed+CoreDataProperties.m */ = {isa = PBXFileReference; fileEncoding = 4; lastKnownFileType = sourcecode.c.objc; path = "Feed+CoreDataProperties.m"; sourceTree = "<group>"; };
		1BC3AC191DBB0CBE00ACA1D5 /* XMLParser.swift */ = {isa = PBXFileReference; fileEncoding = 4; lastKnownFileType = sourcecode.swift; path = XMLParser.swift; sourceTree = "<group>"; };
		1BC3AC1B1DBB0D5F00ACA1D5 /* FeedItem.swift */ = {isa = PBXFileReference; fileEncoding = 4; lastKnownFileType = sourcecode.swift; path = FeedItem.swift; sourceTree = "<group>"; };
		1BC3AC1D1DBB0EC000ACA1D5 /* JsTheater-Bridging-Header.h */ = {isa = PBXFileReference; fileEncoding = 4; lastKnownFileType = sourcecode.c.h; path = "JsTheater-Bridging-Header.h"; sourceTree = "<group>"; };
		B60F754D1DB3E4A70080FDCC /* FeedModel.xcdatamodel */ = {isa = PBXFileReference; lastKnownFileType = wrapper.xcdatamodel; path = FeedModel.xcdatamodel; sourceTree = "<group>"; };
		B60F75871DB414EB0080FDCC /* FeedTableViewCell.swift */ = {isa = PBXFileReference; fileEncoding = 4; lastKnownFileType = sourcecode.swift; path = FeedTableViewCell.swift; sourceTree = "<group>"; };
		B60F75921DB5532E0080FDCC /* RssRecord.swift */ = {isa = PBXFileReference; fileEncoding = 4; lastKnownFileType = sourcecode.swift; path = RssRecord.swift; sourceTree = "<group>"; };
		B60F75931DB5532E0080FDCC /* Common.swift */ = {isa = PBXFileReference; fileEncoding = 4; lastKnownFileType = sourcecode.swift; path = Common.swift; sourceTree = "<group>"; };
		B6589C141DB2A67B00991E5A /* JsTheater.app */ = {isa = PBXFileReference; explicitFileType = wrapper.application; includeInIndex = 0; path = JsTheater.app; sourceTree = BUILT_PRODUCTS_DIR; };
		B6589C171DB2A67B00991E5A /* AppDelegate.swift */ = {isa = PBXFileReference; lastKnownFileType = sourcecode.swift; path = AppDelegate.swift; sourceTree = "<group>"; };
		B6589C1C1DB2A67B00991E5A /* Base */ = {isa = PBXFileReference; lastKnownFileType = file.storyboard; name = Base; path = Base.lproj/Main.storyboard; sourceTree = "<group>"; };
		B6589C241DB2A67B00991E5A /* Base */ = {isa = PBXFileReference; lastKnownFileType = file.storyboard; name = Base; path = Base.lproj/LaunchScreen.storyboard; sourceTree = "<group>"; };
		B6589C261DB2A67B00991E5A /* Info.plist */ = {isa = PBXFileReference; lastKnownFileType = text.plist.xml; path = Info.plist; sourceTree = "<group>"; };
		B6589C2B1DB2A67B00991E5A /* JsTheaterTests.xctest */ = {isa = PBXFileReference; explicitFileType = wrapper.cfbundle; includeInIndex = 0; path = JsTheaterTests.xctest; sourceTree = BUILT_PRODUCTS_DIR; };
		B6589C2F1DB2A67B00991E5A /* JsTheaterTests.swift */ = {isa = PBXFileReference; lastKnownFileType = sourcecode.swift; path = JsTheaterTests.swift; sourceTree = "<group>"; };
		B6589C311DB2A67B00991E5A /* Info.plist */ = {isa = PBXFileReference; lastKnownFileType = text.plist.xml; path = Info.plist; sourceTree = "<group>"; };
		B6589C361DB2A67B00991E5A /* JsTheaterUITests.xctest */ = {isa = PBXFileReference; explicitFileType = wrapper.cfbundle; includeInIndex = 0; path = JsTheaterUITests.xctest; sourceTree = BUILT_PRODUCTS_DIR; };
		B6589C3A1DB2A67B00991E5A /* JsTheaterUITests.swift */ = {isa = PBXFileReference; lastKnownFileType = sourcecode.swift; path = JsTheaterUITests.swift; sourceTree = "<group>"; };
		B6589C3C1DB2A67B00991E5A /* Info.plist */ = {isa = PBXFileReference; lastKnownFileType = text.plist.xml; path = Info.plist; sourceTree = "<group>"; };
		B6589C4A1DB2A81500991E5A /* FeedTableViewController.swift */ = {isa = PBXFileReference; fileEncoding = 4; lastKnownFileType = sourcecode.swift; path = FeedTableViewController.swift; sourceTree = "<group>"; };
		B6589C661DB2A97000991E5A /* Assets.xcassets */ = {isa = PBXFileReference; lastKnownFileType = folder.assetcatalog; name = Assets.xcassets; path = ../Helper/Assets.xcassets; sourceTree = "<group>"; };
		B6589CCC1DB2AE1400991E5A /* CoreData.framework */ = {isa = PBXFileReference; lastKnownFileType = wrapper.framework; name = CoreData.framework; path = System/Library/Frameworks/CoreData.framework; sourceTree = SDKROOT; };
		B6589D2B1DB2CC1F00991E5A /* ARChromeActivity.h */ = {isa = PBXFileReference; fileEncoding = 4; lastKnownFileType = sourcecode.c.h; path = ARChromeActivity.h; sourceTree = "<group>"; };
		B6589D2C1DB2CC1F00991E5A /* ARChromeActivity.m */ = {isa = PBXFileReference; fileEncoding = 4; lastKnownFileType = sourcecode.c.objc; path = ARChromeActivity.m; sourceTree = "<group>"; };
		B6589D2D1DB2CC1F00991E5A /* ARChromeActivity.png */ = {isa = PBXFileReference; lastKnownFileType = image.png; path = ARChromeActivity.png; sourceTree = "<group>"; };
		B6589D2E1DB2CC1F00991E5A /* ARChromeActivity@2x.png */ = {isa = PBXFileReference; lastKnownFileType = image.png; path = "ARChromeActivity@2x.png"; sourceTree = "<group>"; };
		B6589D2F1DB2CC1F00991E5A /* ARChromeActivity@2x~ipad.png */ = {isa = PBXFileReference; lastKnownFileType = image.png; path = "ARChromeActivity@2x~ipad.png"; sourceTree = "<group>"; };
		B6589D301DB2CC1F00991E5A /* ARChromeActivity@3x.png */ = {isa = PBXFileReference; lastKnownFileType = image.png; path = "ARChromeActivity@3x.png"; sourceTree = "<group>"; };
		B6589D311DB2CC1F00991E5A /* ARChromeActivity@3x~ipad.png */ = {isa = PBXFileReference; lastKnownFileType = image.png; path = "ARChromeActivity@3x~ipad.png"; sourceTree = "<group>"; };
		B6589D321DB2CC1F00991E5A /* ARChromeActivity~ipad.png */ = {isa = PBXFileReference; lastKnownFileType = image.png; path = "ARChromeActivity~ipad.png"; sourceTree = "<group>"; };
		B6589D341DB2CC1F00991E5A /* .gitkeep */ = {isa = PBXFileReference; fileEncoding = 4; lastKnownFileType = text; path = .gitkeep; sourceTree = "<group>"; };
		B6589D361DB2CC1F00991E5A /* .gitkeep */ = {isa = PBXFileReference; fileEncoding = 4; lastKnownFileType = text; path = .gitkeep; sourceTree = "<group>"; };
		B6589D371DB2CC1F00991E5A /* TUSafariActivity.h */ = {isa = PBXFileReference; fileEncoding = 4; lastKnownFileType = sourcecode.c.h; path = TUSafariActivity.h; sourceTree = "<group>"; };
		B6589D381DB2CC1F00991E5A /* TUSafariActivity.m */ = {isa = PBXFileReference; fileEncoding = 4; lastKnownFileType = sourcecode.c.objc; path = TUSafariActivity.m; sourceTree = "<group>"; };
		B6589D3D1DB2CC1F00991E5A /* backbutton.png */ = {isa = PBXFileReference; lastKnownFileType = image.png; path = backbutton.png; sourceTree = "<group>"; };
		B6589D3E1DB2CC1F00991E5A /* backbutton@2x.png */ = {isa = PBXFileReference; lastKnownFileType = image.png; path = "backbutton@2x.png"; sourceTree = "<group>"; };
		B6589D3F1DB2CC1F00991E5A /* backbutton@3x.png */ = {isa = PBXFileReference; lastKnownFileType = image.png; path = "backbutton@3x.png"; sourceTree = "<group>"; };
		B6589D401DB2CC1F00991E5A /* forwardbutton.png */ = {isa = PBXFileReference; lastKnownFileType = image.png; path = forwardbutton.png; sourceTree = "<group>"; };
		B6589D411DB2CC1F00991E5A /* forwardbutton@2x.png */ = {isa = PBXFileReference; lastKnownFileType = image.png; path = "forwardbutton@2x.png"; sourceTree = "<group>"; };
		B6589D421DB2CC1F00991E5A /* forwardbutton@3x.png */ = {isa = PBXFileReference; lastKnownFileType = image.png; path = "forwardbutton@3x.png"; sourceTree = "<group>"; };
		B6589D431DB2CC1F00991E5A /* KINWebBrowserViewController.h */ = {isa = PBXFileReference; fileEncoding = 4; lastKnownFileType = sourcecode.c.h; path = KINWebBrowserViewController.h; sourceTree = "<group>"; };
		B6589D441DB2CC1F00991E5A /* KINWebBrowserViewController.m */ = {isa = PBXFileReference; fileEncoding = 4; lastKnownFileType = sourcecode.c.objc; path = KINWebBrowserViewController.m; sourceTree = "<group>"; };
		B6589D521DB2CC1F00991E5A /* SideBar.swift */ = {isa = PBXFileReference; fileEncoding = 4; lastKnownFileType = sourcecode.swift; path = SideBar.swift; sourceTree = "<group>"; };
		B6589D531DB2CC1F00991E5A /* SideBarTableViewController.swift */ = {isa = PBXFileReference; fileEncoding = 4; lastKnownFileType = sourcecode.swift; path = SideBarTableViewController.swift; sourceTree = "<group>"; };
		B6ADBBD21DB6B816001FDF9D /* asdf.swift */ = {isa = PBXFileReference; fileEncoding = 4; lastKnownFileType = sourcecode.swift; path = asdf.swift; sourceTree = "<group>"; };
/* End PBXFileReference section */

/* Begin PBXFrameworksBuildPhase section */
		B6589C111DB2A67B00991E5A /* Frameworks */ = {
			isa = PBXFrameworksBuildPhase;
			buildActionMask = 2147483647;
			files = (
				B6589CCD1DB2AE1400991E5A /* CoreData.framework in Frameworks */,
			);
			runOnlyForDeploymentPostprocessing = 0;
		};
		B6589C281DB2A67B00991E5A /* Frameworks */ = {
			isa = PBXFrameworksBuildPhase;
			buildActionMask = 2147483647;
			files = (
			);
			runOnlyForDeploymentPostprocessing = 0;
		};
		B6589C331DB2A67B00991E5A /* Frameworks */ = {
			isa = PBXFrameworksBuildPhase;
			buildActionMask = 2147483647;
			files = (
			);
			runOnlyForDeploymentPostprocessing = 0;
		};
/* End PBXFrameworksBuildPhase section */

/* Begin PBXGroup section */
		1BC3AC111DBB0BDE00ACA1D5 /* Core Data */ = {
			isa = PBXGroup;
			children = (
				B60F754C1DB3E4A70080FDCC /* FeedModel.xcdatamodeld */,
				1BC3AC0F1DBB0AF900ACA1D5 /* DataStore.swift */,
				1BC3AC121DBB0C0100ACA1D5 /* Feed+CoreDataClass.h */,
				1BC3AC131DBB0C0100ACA1D5 /* Feed+CoreDataClass.m */,
				1BC3AC141DBB0C0100ACA1D5 /* Feed+CoreDataProperties.h */,
				1BC3AC151DBB0C0100ACA1D5 /* Feed+CoreDataProperties.m */,
			);
			name = "Core Data";
			sourceTree = "<group>";
		};
		1BC3AC181DBB0C1D00ACA1D5 /* Models */ = {
			isa = PBXGroup;
			children = (
				1BC3AC1B1DBB0D5F00ACA1D5 /* FeedItem.swift */,
				B60F75921DB5532E0080FDCC /* RssRecord.swift */,
			);
			name = Models;
			sourceTree = "<group>";
		};
		1BC3AC1E1DBB110800ACA1D5 /* FeedParser */ = {
			isa = PBXGroup;
			children = (
			);
			name = FeedParser;
			sourceTree = "<group>";
		};
		B6589C0B1DB2A67B00991E5A = {
			isa = PBXGroup;
			children = (
				B6589CCC1DB2AE1400991E5A /* CoreData.framework */,
				B6589C161DB2A67B00991E5A /* JsTheater */,
				B6589C2E1DB2A67B00991E5A /* JsTheaterTests */,
				B6589C391DB2A67B00991E5A /* JsTheaterUITests */,
				B6589C151DB2A67B00991E5A /* Products */,
			);
			sourceTree = "<group>";
		};
		B6589C151DB2A67B00991E5A /* Products */ = {
			isa = PBXGroup;
			children = (
				B6589C141DB2A67B00991E5A /* JsTheater.app */,
				B6589C2B1DB2A67B00991E5A /* JsTheaterTests.xctest */,
				B6589C361DB2A67B00991E5A /* JsTheaterUITests.xctest */,
			);
			name = Products;
			sourceTree = "<group>";
		};
		B6589C161DB2A67B00991E5A /* JsTheater */ = {
			isa = PBXGroup;
			children = (
				1BC3AC1E1DBB110800ACA1D5 /* FeedParser */,
				1BC3AC181DBB0C1D00ACA1D5 /* Models */,
				1BC3AC111DBB0BDE00ACA1D5 /* Core Data */,
				B60F75931DB5532E0080FDCC /* Common.swift */,
				B6589D2A1DB2CC1F00991E5A /* Helper */,
				B6589C661DB2A97000991E5A /* Assets.xcassets */,
				B6589C171DB2A67B00991E5A /* AppDelegate.swift */,
				1BC3AC191DBB0CBE00ACA1D5 /* XMLParser.swift */,
				B6589C4A1DB2A81500991E5A /* FeedTableViewController.swift */,
				B6ADBBD21DB6B816001FDF9D /* asdf.swift */,
				B60F75871DB414EB0080FDCC /* FeedTableViewCell.swift */,
				1BC3AC1D1DBB0EC000ACA1D5 /* JsTheater-Bridging-Header.h */,
				B6589C1B1DB2A67B00991E5A /* Main.storyboard */,
				B6589C231DB2A67B00991E5A /* LaunchScreen.storyboard */,
				B6589C261DB2A67B00991E5A /* Info.plist */,
			);
			path = JsTheater;
			sourceTree = "<group>";
		};
		B6589C2E1DB2A67B00991E5A /* JsTheaterTests */ = {
			isa = PBXGroup;
			children = (
				B6589C2F1DB2A67B00991E5A /* JsTheaterTests.swift */,
				B6589C311DB2A67B00991E5A /* Info.plist */,
			);
			path = JsTheaterTests;
			sourceTree = "<group>";
		};
		B6589C391DB2A67B00991E5A /* JsTheaterUITests */ = {
			isa = PBXGroup;
			children = (
				B6589C3A1DB2A67B00991E5A /* JsTheaterUITests.swift */,
				B6589C3C1DB2A67B00991E5A /* Info.plist */,
			);
			path = JsTheaterUITests;
			sourceTree = "<group>";
		};
		B6589D2A1DB2CC1F00991E5A /* Helper */ = {
			isa = PBXGroup;
			children = (
				B6589D2B1DB2CC1F00991E5A /* ARChromeActivity.h */,
				B6589D2C1DB2CC1F00991E5A /* ARChromeActivity.m */,
				B6589D2D1DB2CC1F00991E5A /* ARChromeActivity.png */,
				B6589D2E1DB2CC1F00991E5A /* ARChromeActivity@2x.png */,
				B6589D2F1DB2CC1F00991E5A /* ARChromeActivity@2x~ipad.png */,
				B6589D301DB2CC1F00991E5A /* ARChromeActivity@3x.png */,
				B6589D311DB2CC1F00991E5A /* ARChromeActivity@3x~ipad.png */,
				B6589D321DB2CC1F00991E5A /* ARChromeActivity~ipad.png */,
				B6589D331DB2CC1F00991E5A /* Assets */,
				B6589D351DB2CC1F00991E5A /* Classes */,
				B6589D3B1DB2CC1F00991E5A /* KINWebBrowser */,
				B6589D521DB2CC1F00991E5A /* SideBar.swift */,
				B6589D531DB2CC1F00991E5A /* SideBarTableViewController.swift */,
			);
			path = Helper;
			sourceTree = "<group>";
		};
		B6589D331DB2CC1F00991E5A /* Assets */ = {
			isa = PBXGroup;
			children = (
				B6589D341DB2CC1F00991E5A /* .gitkeep */,
			);
			path = Assets;
			sourceTree = "<group>";
		};
		B6589D351DB2CC1F00991E5A /* Classes */ = {
			isa = PBXGroup;
			children = (
				B6589D361DB2CC1F00991E5A /* .gitkeep */,
				B6589D371DB2CC1F00991E5A /* TUSafariActivity.h */,
				B6589D381DB2CC1F00991E5A /* TUSafariActivity.m */,
			);
			path = Classes;
			sourceTree = "<group>";
		};
		B6589D3B1DB2CC1F00991E5A /* KINWebBrowser */ = {
			isa = PBXGroup;
			children = (
				B6589D3C1DB2CC1F00991E5A /* Assets */,
				B6589D431DB2CC1F00991E5A /* KINWebBrowserViewController.h */,
				B6589D441DB2CC1F00991E5A /* KINWebBrowserViewController.m */,
			);
			path = KINWebBrowser;
			sourceTree = "<group>";
		};
		B6589D3C1DB2CC1F00991E5A /* Assets */ = {
			isa = PBXGroup;
			children = (
				B6589D3D1DB2CC1F00991E5A /* backbutton.png */,
				B6589D3E1DB2CC1F00991E5A /* backbutton@2x.png */,
				B6589D3F1DB2CC1F00991E5A /* backbutton@3x.png */,
				B6589D401DB2CC1F00991E5A /* forwardbutton.png */,
				B6589D411DB2CC1F00991E5A /* forwardbutton@2x.png */,
				B6589D421DB2CC1F00991E5A /* forwardbutton@3x.png */,
			);
			path = Assets;
			sourceTree = "<group>";
		};
/* End PBXGroup section */

/* Begin PBXNativeTarget section */
		B6589C131DB2A67B00991E5A /* JsTheater */ = {
			isa = PBXNativeTarget;
			buildConfigurationList = B6589C3F1DB2A67B00991E5A /* Build configuration list for PBXNativeTarget "JsTheater" */;
			buildPhases = (
				B6589C101DB2A67B00991E5A /* Sources */,
				B6589C111DB2A67B00991E5A /* Frameworks */,
				B6589C121DB2A67B00991E5A /* Resources */,
			);
			buildRules = (
			);
			dependencies = (
			);
			name = JsTheater;
			productName = JsTheater;
			productReference = B6589C141DB2A67B00991E5A /* JsTheater.app */;
			productType = "com.apple.product-type.application";
		};
		B6589C2A1DB2A67B00991E5A /* JsTheaterTests */ = {
			isa = PBXNativeTarget;
			buildConfigurationList = B6589C421DB2A67B00991E5A /* Build configuration list for PBXNativeTarget "JsTheaterTests" */;
			buildPhases = (
				B6589C271DB2A67B00991E5A /* Sources */,
				B6589C281DB2A67B00991E5A /* Frameworks */,
				B6589C291DB2A67B00991E5A /* Resources */,
			);
			buildRules = (
			);
			dependencies = (
				B6589C2D1DB2A67B00991E5A /* PBXTargetDependency */,
			);
			name = JsTheaterTests;
			productName = JsTheaterTests;
			productReference = B6589C2B1DB2A67B00991E5A /* JsTheaterTests.xctest */;
			productType = "com.apple.product-type.bundle.unit-test";
		};
		B6589C351DB2A67B00991E5A /* JsTheaterUITests */ = {
			isa = PBXNativeTarget;
			buildConfigurationList = B6589C451DB2A67B00991E5A /* Build configuration list for PBXNativeTarget "JsTheaterUITests" */;
			buildPhases = (
				B6589C321DB2A67B00991E5A /* Sources */,
				B6589C331DB2A67B00991E5A /* Frameworks */,
				B6589C341DB2A67B00991E5A /* Resources */,
			);
			buildRules = (
			);
			dependencies = (
				B6589C381DB2A67B00991E5A /* PBXTargetDependency */,
			);
			name = JsTheaterUITests;
			productName = JsTheaterUITests;
			productReference = B6589C361DB2A67B00991E5A /* JsTheaterUITests.xctest */;
			productType = "com.apple.product-type.bundle.ui-testing";
		};
/* End PBXNativeTarget section */

/* Begin PBXProject section */
		B6589C0C1DB2A67B00991E5A /* Project object */ = {
			isa = PBXProject;
			attributes = {
				LastSwiftUpdateCheck = 0730;
				LastUpgradeCheck = 0730;
				ORGANIZATIONNAME = illyabbi;
				TargetAttributes = {
					B6589C131DB2A67B00991E5A = {
						CreatedOnToolsVersion = 7.3.1;
						DevelopmentTeam = VMHRW7PN83;
						LastSwiftMigration = 0800;
					};
					B6589C2A1DB2A67B00991E5A = {
						CreatedOnToolsVersion = 7.3.1;
						DevelopmentTeam = VMHRW7PN83;
						LastSwiftMigration = 0800;
						TestTargetID = B6589C131DB2A67B00991E5A;
					};
					B6589C351DB2A67B00991E5A = {
						CreatedOnToolsVersion = 7.3.1;
						DevelopmentTeam = VMHRW7PN83;
						LastSwiftMigration = 0800;
						TestTargetID = B6589C131DB2A67B00991E5A;
					};
				};
			};
			buildConfigurationList = B6589C0F1DB2A67B00991E5A /* Build configuration list for PBXProject "JsTheater" */;
			compatibilityVersion = "Xcode 3.2";
			developmentRegion = English;
			hasScannedForEncodings = 0;
			knownRegions = (
				en,
				Base,
				cs,
				de,
				es,
				eu,
				fi,
				fr,
				it,
				ja,
				ko,
				nl,
				no,
				pl,
				pt,
				ru,
				sk,
				sv,
				vi,
				zh_CN,
			);
			mainGroup = B6589C0B1DB2A67B00991E5A;
			productRefGroup = B6589C151DB2A67B00991E5A /* Products */;
			projectDirPath = "";
			projectRoot = "";
			targets = (
				B6589C131DB2A67B00991E5A /* JsTheater */,
				B6589C2A1DB2A67B00991E5A /* JsTheaterTests */,
				B6589C351DB2A67B00991E5A /* JsTheaterUITests */,
			);
		};
/* End PBXProject section */

/* Begin PBXResourcesBuildPhase section */
		B6589C121DB2A67B00991E5A /* Resources */ = {
			isa = PBXResourcesBuildPhase;
			buildActionMask = 2147483647;
			files = (
				B6589D591DB2CC1F00991E5A /* ARChromeActivity@3x.png in Resources */,
				B6589D651DB2CC1F00991E5A /* forwardbutton@3x.png in Resources */,
				B6589D631DB2CC1F00991E5A /* forwardbutton.png in Resources */,
				B6589D641DB2CC1F00991E5A /* forwardbutton@2x.png in Resources */,
				B6589C251DB2A67B00991E5A /* LaunchScreen.storyboard in Resources */,
				B6589D5D1DB2CC1F00991E5A /* .gitkeep in Resources */,
				B6589D561DB2CC1F00991E5A /* ARChromeActivity.png in Resources */,
				B6589D621DB2CC1F00991E5A /* backbutton@3x.png in Resources */,
				B6589D5B1DB2CC1F00991E5A /* ARChromeActivity~ipad.png in Resources */,
				B6589CA11DB2A97000991E5A /* Assets.xcassets in Resources */,
				B6589D601DB2CC1F00991E5A /* backbutton.png in Resources */,
				B6589D611DB2CC1F00991E5A /* backbutton@2x.png in Resources */,
				B6589D5A1DB2CC1F00991E5A /* ARChromeActivity@3x~ipad.png in Resources */,
				B6589D581DB2CC1F00991E5A /* ARChromeActivity@2x~ipad.png in Resources */,
				B6589D5C1DB2CC1F00991E5A /* .gitkeep in Resources */,
				B6589D571DB2CC1F00991E5A /* ARChromeActivity@2x.png in Resources */,
				B6589C1D1DB2A67B00991E5A /* Main.storyboard in Resources */,
			);
			runOnlyForDeploymentPostprocessing = 0;
		};
		B6589C291DB2A67B00991E5A /* Resources */ = {
			isa = PBXResourcesBuildPhase;
			buildActionMask = 2147483647;
			files = (
			);
			runOnlyForDeploymentPostprocessing = 0;
		};
		B6589C341DB2A67B00991E5A /* Resources */ = {
			isa = PBXResourcesBuildPhase;
			buildActionMask = 2147483647;
			files = (
			);
			runOnlyForDeploymentPostprocessing = 0;
		};
/* End PBXResourcesBuildPhase section */

/* Begin PBXSourcesBuildPhase section */
		B6589C101DB2A67B00991E5A /* Sources */ = {
			isa = PBXSourcesBuildPhase;
			buildActionMask = 2147483647;
			files = (
				B60F75881DB414EB0080FDCC /* FeedTableViewCell.swift in Sources */,
				B60F75951DB5532E0080FDCC /* Common.swift in Sources */,
				1BC3AC161DBB0C0100ACA1D5 /* Feed+CoreDataClass.m in Sources */,
				B6589C181DB2A67B00991E5A /* AppDelegate.swift in Sources */,
				B6589D5E1DB2CC1F00991E5A /* TUSafariActivity.m in Sources */,
				B6589D6D1DB2CC1F00991E5A /* SideBar.swift in Sources */,
				1BC3AC171DBB0C0100ACA1D5 /* Feed+CoreDataProperties.m in Sources */,
				1BC3AC101DBB0AF900ACA1D5 /* DataStore.swift in Sources */,
				B60F754E1DB3E4A70080FDCC /* FeedModel.xcdatamodeld in Sources */,
				B6589D6E1DB2CC1F00991E5A /* SideBarTableViewController.swift in Sources */,
				B60F75941DB5532E0080FDCC /* RssRecord.swift in Sources */,
				B6589C4B1DB2A81500991E5A /* FeedTableViewController.swift in Sources */,
				1BC3AC1C1DBB0D5F00ACA1D5 /* FeedItem.swift in Sources */,
				B6ADBBD31DB6B816001FDF9D /* asdf.swift in Sources */,
				1BC3AC1A1DBB0CBE00ACA1D5 /* XMLParser.swift in Sources */,
				B6589D661DB2CC1F00991E5A /* KINWebBrowserViewController.m in Sources */,
				B6589D551DB2CC1F00991E5A /* ARChromeActivity.m in Sources */,
			);
			runOnlyForDeploymentPostprocessing = 0;
		};
		B6589C271DB2A67B00991E5A /* Sources */ = {
			isa = PBXSourcesBuildPhase;
			buildActionMask = 2147483647;
			files = (
				B6589C301DB2A67B00991E5A /* JsTheaterTests.swift in Sources */,
			);
			runOnlyForDeploymentPostprocessing = 0;
		};
		B6589C321DB2A67B00991E5A /* Sources */ = {
			isa = PBXSourcesBuildPhase;
			buildActionMask = 2147483647;
			files = (
				B6589C3B1DB2A67B00991E5A /* JsTheaterUITests.swift in Sources */,
			);
			runOnlyForDeploymentPostprocessing = 0;
		};
/* End PBXSourcesBuildPhase section */

/* Begin PBXTargetDependency section */
		B6589C2D1DB2A67B00991E5A /* PBXTargetDependency */ = {
			isa = PBXTargetDependency;
			target = B6589C131DB2A67B00991E5A /* JsTheater */;
			targetProxy = B6589C2C1DB2A67B00991E5A /* PBXContainerItemProxy */;
		};
		B6589C381DB2A67B00991E5A /* PBXTargetDependency */ = {
			isa = PBXTargetDependency;
			target = B6589C131DB2A67B00991E5A /* JsTheater */;
			targetProxy = B6589C371DB2A67B00991E5A /* PBXContainerItemProxy */;
		};
/* End PBXTargetDependency section */

/* Begin PBXVariantGroup section */
		B6589C1B1DB2A67B00991E5A /* Main.storyboard */ = {
			isa = PBXVariantGroup;
			children = (
				B6589C1C1DB2A67B00991E5A /* Base */,
			);
			name = Main.storyboard;
			sourceTree = "<group>";
		};
		B6589C231DB2A67B00991E5A /* LaunchScreen.storyboard */ = {
			isa = PBXVariantGroup;
			children = (
				B6589C241DB2A67B00991E5A /* Base */,
			);
			name = LaunchScreen.storyboard;
			sourceTree = "<group>";
		};
/* End PBXVariantGroup section */

/* Begin XCBuildConfiguration section */
		B6589C3D1DB2A67B00991E5A /* Debug */ = {
			isa = XCBuildConfiguration;
			buildSettings = {
				ALWAYS_SEARCH_USER_PATHS = NO;
				CLANG_ANALYZER_NONNULL = YES;
				CLANG_CXX_LANGUAGE_STANDARD = "gnu++0x";
				CLANG_CXX_LIBRARY = "libc++";
				CLANG_ENABLE_MODULES = YES;
				CLANG_ENABLE_OBJC_ARC = YES;
				CLANG_WARN_BOOL_CONVERSION = YES;
				CLANG_WARN_CONSTANT_CONVERSION = YES;
				CLANG_WARN_DIRECT_OBJC_ISA_USAGE = YES_ERROR;
				CLANG_WARN_EMPTY_BODY = YES;
				CLANG_WARN_ENUM_CONVERSION = YES;
				CLANG_WARN_INT_CONVERSION = YES;
				CLANG_WARN_OBJC_ROOT_CLASS = YES_ERROR;
				CLANG_WARN_UNREACHABLE_CODE = YES;
				CLANG_WARN__DUPLICATE_METHOD_MATCH = YES;
				"CODE_SIGN_IDENTITY[sdk=iphoneos*]" = "iPhone Developer";
				COPY_PHASE_STRIP = NO;
				DEBUG_INFORMATION_FORMAT = dwarf;
				ENABLE_STRICT_OBJC_MSGSEND = YES;
				ENABLE_TESTABILITY = YES;
				GCC_C_LANGUAGE_STANDARD = gnu99;
				GCC_DYNAMIC_NO_PIC = NO;
				GCC_NO_COMMON_BLOCKS = YES;
				GCC_OPTIMIZATION_LEVEL = 0;
				GCC_PREPROCESSOR_DEFINITIONS = (
					"DEBUG=1",
					"$(inherited)",
				);
				GCC_WARN_64_TO_32_BIT_CONVERSION = YES;
				GCC_WARN_ABOUT_RETURN_TYPE = YES_ERROR;
				GCC_WARN_UNDECLARED_SELECTOR = YES;
				GCC_WARN_UNINITIALIZED_AUTOS = YES_AGGRESSIVE;
				GCC_WARN_UNUSED_FUNCTION = YES;
				GCC_WARN_UNUSED_VARIABLE = YES;
				IPHONEOS_DEPLOYMENT_TARGET = 9.3;
				MTL_ENABLE_DEBUG_INFO = YES;
				ONLY_ACTIVE_ARCH = YES;
				SDKROOT = iphoneos;
				SWIFT_OPTIMIZATION_LEVEL = "-Onone";
			};
			name = Debug;
		};
		B6589C3E1DB2A67B00991E5A /* Release */ = {
			isa = XCBuildConfiguration;
			buildSettings = {
				ALWAYS_SEARCH_USER_PATHS = NO;
				CLANG_ANALYZER_NONNULL = YES;
				CLANG_CXX_LANGUAGE_STANDARD = "gnu++0x";
				CLANG_CXX_LIBRARY = "libc++";
				CLANG_ENABLE_MODULES = YES;
				CLANG_ENABLE_OBJC_ARC = YES;
				CLANG_WARN_BOOL_CONVERSION = YES;
				CLANG_WARN_CONSTANT_CONVERSION = YES;
				CLANG_WARN_DIRECT_OBJC_ISA_USAGE = YES_ERROR;
				CLANG_WARN_EMPTY_BODY = YES;
				CLANG_WARN_ENUM_CONVERSION = YES;
				CLANG_WARN_INT_CONVERSION = YES;
				CLANG_WARN_OBJC_ROOT_CLASS = YES_ERROR;
				CLANG_WARN_UNREACHABLE_CODE = YES;
				CLANG_WARN__DUPLICATE_METHOD_MATCH = YES;
				"CODE_SIGN_IDENTITY[sdk=iphoneos*]" = "iPhone Developer";
				COPY_PHASE_STRIP = NO;
				DEBUG_INFORMATION_FORMAT = "dwarf-with-dsym";
				ENABLE_NS_ASSERTIONS = NO;
				ENABLE_STRICT_OBJC_MSGSEND = YES;
				GCC_C_LANGUAGE_STANDARD = gnu99;
				GCC_NO_COMMON_BLOCKS = YES;
				GCC_WARN_64_TO_32_BIT_CONVERSION = YES;
				GCC_WARN_ABOUT_RETURN_TYPE = YES_ERROR;
				GCC_WARN_UNDECLARED_SELECTOR = YES;
				GCC_WARN_UNINITIALIZED_AUTOS = YES_AGGRESSIVE;
				GCC_WARN_UNUSED_FUNCTION = YES;
				GCC_WARN_UNUSED_VARIABLE = YES;
				IPHONEOS_DEPLOYMENT_TARGET = 9.3;
				MTL_ENABLE_DEBUG_INFO = NO;
				SDKROOT = iphoneos;
				VALIDATE_PRODUCT = YES;
			};
			name = Release;
		};
		B6589C401DB2A67B00991E5A /* Debug */ = {
			isa = XCBuildConfiguration;
			buildSettings = {
				ASSETCATALOG_COMPILER_APPICON_NAME = AppIcon;
				CLANG_ENABLE_MODULES = YES;
				INFOPLIST_FILE = JsTheater/Info.plist;
				LD_RUNPATH_SEARCH_PATHS = "$(inherited) @executable_path/Frameworks";
				PRODUCT_BUNDLE_IDENTIFIER = illyabbi.JsTheater;
				PRODUCT_NAME = "$(TARGET_NAME)";
				SWIFT_OBJC_BRIDGING_HEADER = "JsTheater/JsTheater-Bridging-Header.h";
				SWIFT_OPTIMIZATION_LEVEL = "-Onone";
				SWIFT_VERSION = 3.0;
			};
			name = Debug;
		};
		B6589C411DB2A67B00991E5A /* Release */ = {
			isa = XCBuildConfiguration;
			buildSettings = {
				ASSETCATALOG_COMPILER_APPICON_NAME = AppIcon;
				CLANG_ENABLE_MODULES = YES;
				INFOPLIST_FILE = JsTheater/Info.plist;
				LD_RUNPATH_SEARCH_PATHS = "$(inherited) @executable_path/Frameworks";
				PRODUCT_BUNDLE_IDENTIFIER = illyabbi.JsTheater;
				PRODUCT_NAME = "$(TARGET_NAME)";
				SWIFT_OBJC_BRIDGING_HEADER = "JsTheater/JsTheater-Bridging-Header.h";
				SWIFT_VERSION = 3.0;
			};
			name = Release;
		};
		B6589C431DB2A67B00991E5A /* Debug */ = {
			isa = XCBuildConfiguration;
			buildSettings = {
				BUNDLE_LOADER = "$(TEST_HOST)";
				INFOPLIST_FILE = JsTheaterTests/Info.plist;
				LD_RUNPATH_SEARCH_PATHS = "$(inherited) @executable_path/Frameworks @loader_path/Frameworks";
				PRODUCT_BUNDLE_IDENTIFIER = illyabbi.JsTheaterTests;
				PRODUCT_NAME = "$(TARGET_NAME)";
				SWIFT_VERSION = 3.0;
				TEST_HOST = "$(BUILT_PRODUCTS_DIR)/JsTheater.app/JsTheater";
			};
			name = Debug;
		};
		B6589C441DB2A67B00991E5A /* Release */ = {
			isa = XCBuildConfiguration;
			buildSettings = {
				BUNDLE_LOADER = "$(TEST_HOST)";
				INFOPLIST_FILE = JsTheaterTests/Info.plist;
				LD_RUNPATH_SEARCH_PATHS = "$(inherited) @executable_path/Frameworks @loader_path/Frameworks";
				PRODUCT_BUNDLE_IDENTIFIER = illyabbi.JsTheaterTests;
				PRODUCT_NAME = "$(TARGET_NAME)";
				SWIFT_VERSION = 3.0;
				TEST_HOST = "$(BUILT_PRODUCTS_DIR)/JsTheater.app/JsTheater";
			};
			name = Release;
		};
		B6589C461DB2A67B00991E5A /* Debug */ = {
			isa = XCBuildConfiguration;
			buildSettings = {
				INFOPLIST_FILE = JsTheaterUITests/Info.plist;
				LD_RUNPATH_SEARCH_PATHS = "$(inherited) @executable_path/Frameworks @loader_path/Frameworks";
				PRODUCT_BUNDLE_IDENTIFIER = illyabbi.JsTheaterUITests;
				PRODUCT_NAME = "$(TARGET_NAME)";
				SWIFT_VERSION = 3.0;
				TEST_TARGET_NAME = JsTheater;
			};
			name = Debug;
		};
		B6589C471DB2A67B00991E5A /* Release */ = {
			isa = XCBuildConfiguration;
			buildSettings = {
				INFOPLIST_FILE = JsTheaterUITests/Info.plist;
				LD_RUNPATH_SEARCH_PATHS = "$(inherited) @executable_path/Frameworks @loader_path/Frameworks";
				PRODUCT_BUNDLE_IDENTIFIER = illyabbi.JsTheaterUITests;
				PRODUCT_NAME = "$(TARGET_NAME)";
				SWIFT_VERSION = 3.0;
				TEST_TARGET_NAME = JsTheater;
			};
			name = Release;
		};
/* End XCBuildConfiguration section */

/* Begin XCConfigurationList section */
		B6589C0F1DB2A67B00991E5A /* Build configuration list for PBXProject "JsTheater" */ = {
			isa = XCConfigurationList;
			buildConfigurations = (
				B6589C3D1DB2A67B00991E5A /* Debug */,
				B6589C3E1DB2A67B00991E5A /* Release */,
			);
			defaultConfigurationIsVisible = 0;
			defaultConfigurationName = Release;
		};
		B6589C3F1DB2A67B00991E5A /* Build configuration list for PBXNativeTarget "JsTheater" */ = {
			isa = XCConfigurationList;
			buildConfigurations = (
				B6589C401DB2A67B00991E5A /* Debug */,
				B6589C411DB2A67B00991E5A /* Release */,
			);
			defaultConfigurationIsVisible = 0;
			defaultConfigurationName = Release;
		};
		B6589C421DB2A67B00991E5A /* Build configuration list for PBXNativeTarget "JsTheaterTests" */ = {
			isa = XCConfigurationList;
			buildConfigurations = (
				B6589C431DB2A67B00991E5A /* Debug */,
				B6589C441DB2A67B00991E5A /* Release */,
			);
			defaultConfigurationIsVisible = 0;
			defaultConfigurationName = Release;
		};
		B6589C451DB2A67B00991E5A /* Build configuration list for PBXNativeTarget "JsTheaterUITests" */ = {
			isa = XCConfigurationList;
			buildConfigurations = (
				B6589C461DB2A67B00991E5A /* Debug */,
				B6589C471DB2A67B00991E5A /* Release */,
			);
			defaultConfigurationIsVisible = 0;
			defaultConfigurationName = Release;
		};
/* End XCConfigurationList section */

/* Begin XCVersionGroup section */
		B60F754C1DB3E4A70080FDCC /* FeedModel.xcdatamodeld */ = {
			isa = XCVersionGroup;
			children = (
				B60F754D1DB3E4A70080FDCC /* FeedModel.xcdatamodel */,
			);
			currentVersion = B60F754D1DB3E4A70080FDCC /* FeedModel.xcdatamodel */;
			path = FeedModel.xcdatamodeld;
			sourceTree = "<group>";
			versionGroupType = wrapper.xcdatamodel;
		};
/* End XCVersionGroup section */
	};
	rootObject = B6589C0C1DB2A67B00991E5A /* Project object */;
}
